
Microsoft Visual Studio Solution File, Format Version 12.00
# Visual Studio Version 17
VisualStudioVersion = 17.11.35327.3
MinimumVisualStudioVersion = 10.0.40219.1
Project("{9A19103F-16F7-4668-BE54-9A1E7A4F7556}") = "JobTracker.API.Tool", "JobTracker.API.Tool\JobTracker.API.Tool.csproj", "{73460412-61B7-46A9-B5AD-ACF0901EE457}"
EndProject
Project("{9A19103F-16F7-4668-BE54-9A1E7A4F7556}") = "JobTracker.Business", "JobTracker.Business\JobTracker.Business.csproj", "{80DD3D55-A8CA-4849-BCCF-20776DFB7938}"
EndProject
Project("{9A19103F-16F7-4668-BE54-9A1E7A4F7556}") = "Utils", "Utils\Utils.csproj", "{FD393A84-66E2-4F4C-85F0-A1450203B8D3}"
EndProject
Project("{54A90642-561A-4BB1-A94E-469ADEE60C69}") = "JobTrackerApp", "JobTrackerApp\JobTrackerApp.esproj", "{DBF7114B-BEED-4E32-BC0D-B18875C43CFA}"
EndProject
Project("{FAE04EC0-301F-11D3-BF4B-00C04F79EFBC}") = "JobData", "JobData\JobData.csproj", "{1A7CF54E-7589-4BAD-A279-02FB308A5DF2}"
EndProject
Global
	GlobalSection(SolutionConfigurationPlatforms) = preSolution
		Debug|Any CPU = Debug|Any CPU
		Release|Any CPU = Release|Any CPU
	EndGlobalSection
	GlobalSection(ProjectConfigurationPlatforms) = postSolution
		{73460412-61B7-46A9-B5AD-ACF0901EE457}.Debug|Any CPU.ActiveCfg = Debug|Any CPU
		{73460412-61B7-46A9-B5AD-ACF0901EE457}.Debug|Any CPU.Build.0 = Debug|Any CPU
		{73460412-61B7-46A9-B5AD-ACF0901EE457}.Release|Any CPU.ActiveCfg = Release|Any CPU
		{73460412-61B7-46A9-B5AD-ACF0901EE457}.Release|Any CPU.Build.0 = Release|Any CPU
		{80DD3D55-A8CA-4849-BCCF-20776DFB7938}.Debug|Any CPU.ActiveCfg = Debug|Any CPU
		{80DD3D55-A8CA-4849-BCCF-20776DFB7938}.Debug|Any CPU.Build.0 = Debug|Any CPU
		{80DD3D55-A8CA-4849-BCCF-20776DFB7938}.Release|Any CPU.ActiveCfg = Release|Any CPU
		{80DD3D55-A8CA-4849-BCCF-20776DFB7938}.Release|Any CPU.Build.0 = Release|Any CPU
		{FD393A84-66E2-4F4C-85F0-A1450203B8D3}.Debug|Any CPU.ActiveCfg = Debug|Any CPU
		{FD393A84-66E2-4F4C-85F0-A1450203B8D3}.Debug|Any CPU.Build.0 = Debug|Any CPU
		{FD393A84-66E2-4F4C-85F0-A1450203B8D3}.Release|Any CPU.ActiveCfg = Release|Any CPU
		{FD393A84-66E2-4F4C-85F0-A1450203B8D3}.Release|Any CPU.Build.0 = Release|Any CPU
		{DBF7114B-BEED-4E32-BC0D-B18875C43CFA}.Debug|Any CPU.ActiveCfg = Debug|Any CPU
		{DBF7114B-BEED-4E32-BC0D-B18875C43CFA}.Debug|Any CPU.Build.0 = Debug|Any CPU
		{DBF7114B-BEED-4E32-BC0D-B18875C43CFA}.Debug|Any CPU.Deploy.0 = Debug|Any CPU
		{DBF7114B-BEED-4E32-BC0D-B18875C43CFA}.Release|Any CPU.ActiveCfg = Release|Any CPU
		{DBF7114B-BEED-4E32-BC0D-B18875C43CFA}.Release|Any CPU.Build.0 = Release|Any CPU
		{DBF7114B-BEED-4E32-BC0D-B18875C43CFA}.Release|Any CPU.Deploy.0 = Release|Any CPU
		{1A7CF54E-7589-4BAD-A279-02FB308A5DF2}.Debug|Any CPU.ActiveCfg = Debug|Any CPU
		{1A7CF54E-7589-4BAD-A279-02FB308A5DF2}.Debug|Any CPU.Build.0 = Debug|Any CPU
		{1A7CF54E-7589-4BAD-A279-02FB308A5DF2}.Release|Any CPU.ActiveCfg = Release|Any CPU
		{1A7CF54E-7589-4BAD-A279-02FB308A5DF2}.Release|Any CPU.Build.0 = Release|Any CPU
	EndGlobalSection
	GlobalSection(SolutionProperties) = preSolution
		HideSolutionNode = FALSE
	EndGlobalSection
	GlobalSection(ExtensibilityGlobals) = postSolution
		SolutionGuid = {BF5DCD89-58E0-44AB-93A7-B62F501510EF}
	EndGlobalSection
EndGlobal
